// !$*UTF8*$!
{
	archiveVersion = 1;
	classes = {
	};
	objectVersion = 46;
	objects = {

/* Begin PBXBuildFile section */
		73354410197BBC8400E5F9A9 /* main.m in Sources */ = {isa = PBXBuildFile; fileRef = 7335440F197BBC8400E5F9A9 /* main.m */; };
		73354413197BBC8400E5F9A9 /* AppDelegate.m in Sources */ = {isa = PBXBuildFile; fileRef = 73354412197BBC8400E5F9A9 /* AppDelegate.m */; };
		73354416197BBC8400E5F9A9 /* MasterViewController.m in Sources */ = {isa = PBXBuildFile; fileRef = 73354415197BBC8400E5F9A9 /* MasterViewController.m */; };
		73354419197BBC8400E5F9A9 /* DetailViewController.m in Sources */ = {isa = PBXBuildFile; fileRef = 73354418197BBC8400E5F9A9 /* DetailViewController.m */; };
		7335441C197BBC8400E5F9A9 /* Main.storyboard in Resources */ = {isa = PBXBuildFile; fileRef = 7335441A197BBC8400E5F9A9 /* Main.storyboard */; };
		7335441E197BBC8400E5F9A9 /* Images.xcassets in Resources */ = {isa = PBXBuildFile; fileRef = 7335441D197BBC8400E5F9A9 /* Images.xcassets */; };
		7335442A197BBC8400E5F9A9 /* StatisticsHealthKitTests.m in Sources */ = {isa = PBXBuildFile; fileRef = 73354429197BBC8400E5F9A9 /* StatisticsHealthKitTests.m */; };
/* End PBXBuildFile section */

/* Begin PBXContainerItemProxy section */
		73354424197BBC8400E5F9A9 /* PBXContainerItemProxy */ = {
			isa = PBXContainerItemProxy;
			containerPortal = 73354402197BBC8400E5F9A9 /* Project object */;
			proxyType = 1;
			remoteGlobalIDString = 73354409197BBC8400E5F9A9;
			remoteInfo = StatisticsHealthKit;
		};
/* End PBXContainerItemProxy section */

/* Begin PBXFileReference section */
		7335440A197BBC8400E5F9A9 /* StatisticsHealthKit.app */ = {isa = PBXFileReference; explicitFileType = wrapper.application; includeInIndex = 0; path = StatisticsHealthKit.app; sourceTree = BUILT_PRODUCTS_DIR; };
		7335440E197BBC8400E5F9A9 /* Info.plist */ = {isa = PBXFileReference; lastKnownFileType = text.plist.xml; path = Info.plist; sourceTree = "<group>"; };
		7335440F197BBC8400E5F9A9 /* main.m */ = {isa = PBXFileReference; lastKnownFileType = sourcecode.c.objc; path = main.m; sourceTree = "<group>"; };
		73354411197BBC8400E5F9A9 /* AppDelegate.h */ = {isa = PBXFileReference; lastKnownFileType = sourcecode.c.h; path = AppDelegate.h; sourceTree = "<group>"; };
		73354412197BBC8400E5F9A9 /* AppDelegate.m */ = {isa = PBXFileReference; lastKnownFileType = sourcecode.c.objc; path = AppDelegate.m; sourceTree = "<group>"; };
		73354414197BBC8400E5F9A9 /* MasterViewController.h */ = {isa = PBXFileReference; lastKnownFileType = sourcecode.c.h; path = MasterViewController.h; sourceTree = "<group>"; };
		73354415197BBC8400E5F9A9 /* MasterViewController.m */ = {isa = PBXFileReference; lastKnownFileType = sourcecode.c.objc; path = MasterViewController.m; sourceTree = "<group>"; };
		73354417197BBC8400E5F9A9 /* DetailViewController.h */ = {isa = PBXFileReference; lastKnownFileType = sourcecode.c.h; path = DetailViewController.h; sourceTree = "<group>"; };
		73354418197BBC8400E5F9A9 /* DetailViewController.m */ = {isa = PBXFileReference; lastKnownFileType = sourcecode.c.objc; path = DetailViewController.m; sourceTree = "<group>"; };
		7335441B197BBC8400E5F9A9 /* Base */ = {isa = PBXFileReference; lastKnownFileType = file.storyboard; name = Base; path = Base.lproj/Main.storyboard; sourceTree = "<group>"; };
		7335441D197BBC8400E5F9A9 /* Images.xcassets */ = {isa = PBXFileReference; lastKnownFileType = folder.assetcatalog; path = Images.xcassets; sourceTree = "<group>"; };
		73354423197BBC8400E5F9A9 /* StatisticsHealthKitTests.xctest */ = {isa = PBXFileReference; explicitFileType = wrapper.cfbundle; includeInIndex = 0; path = StatisticsHealthKitTests.xctest; sourceTree = BUILT_PRODUCTS_DIR; };
		73354428197BBC8400E5F9A9 /* Info.plist */ = {isa = PBXFileReference; lastKnownFileType = text.plist.xml; path = Info.plist; sourceTree = "<group>"; };
		73354429197BBC8400E5F9A9 /* StatisticsHealthKitTests.m */ = {isa = PBXFileReference; lastKnownFileType = sourcecode.c.objc; path = StatisticsHealthKitTests.m; sourceTree = "<group>"; };
/* End PBXFileReference section */

/* Begin PBXFrameworksBuildPhase section */
		73354407197BBC8400E5F9A9 /* Frameworks */ = {
			isa = PBXFrameworksBuildPhase;
			buildActionMask = 2147483647;
			files = (
			);
			runOnlyForDeploymentPostprocessing = 0;
		};
		73354420197BBC8400E5F9A9 /* Frameworks */ = {
			isa = PBXFrameworksBuildPhase;
			buildActionMask = 2147483647;
			files = (
			);
			runOnlyForDeploymentPostprocessing = 0;
		};
/* End PBXFrameworksBuildPhase section */

/* Begin PBXGroup section */
		73354401197BBC8400E5F9A9 = {
			isa = PBXGroup;
			children = (
				7335440C197BBC8400E5F9A9 /* StatisticsHealthKit */,
				73354426197BBC8400E5F9A9 /* StatisticsHealthKitTests */,
				7335440B197BBC8400E5F9A9 /* Products */,
			);
			sourceTree = "<group>";
		};
		7335440B197BBC8400E5F9A9 /* Products */ = {
			isa = PBXGroup;
			children = (
				7335440A197BBC8400E5F9A9 /* StatisticsHealthKit.app */,
				73354423197BBC8400E5F9A9 /* StatisticsHealthKitTests.xctest */,
			);
			name = Products;
			sourceTree = "<group>";
		};
		7335440C197BBC8400E5F9A9 /* StatisticsHealthKit */ = {
			isa = PBXGroup;
			children = (
				73354411197BBC8400E5F9A9 /* AppDelegate.h */,
				73354412197BBC8400E5F9A9 /* AppDelegate.m */,
				73354414197BBC8400E5F9A9 /* MasterViewController.h */,
				73354415197BBC8400E5F9A9 /* MasterViewController.m */,
				73354417197BBC8400E5F9A9 /* DetailViewController.h */,
				73354418197BBC8400E5F9A9 /* DetailViewController.m */,
				7335441A197BBC8400E5F9A9 /* Main.storyboard */,
				7335441D197BBC8400E5F9A9 /* Images.xcassets */,
				7335440D197BBC8400E5F9A9 /* Supporting Files */,
			);
			path = StatisticsHealthKit;
			sourceTree = "<group>";
		};
		7335440D197BBC8400E5F9A9 /* Supporting Files */ = {
			isa = PBXGroup;
			children = (
				7335440E197BBC8400E5F9A9 /* Info.plist */,
				7335440F197BBC8400E5F9A9 /* main.m */,
			);
			name = "Supporting Files";
			sourceTree = "<group>";
		};
		73354426197BBC8400E5F9A9 /* StatisticsHealthKitTests */ = {
			isa = PBXGroup;
			children = (
				73354429197BBC8400E5F9A9 /* StatisticsHealthKitTests.m */,
				73354427197BBC8400E5F9A9 /* Supporting Files */,
			);
			path = StatisticsHealthKitTests;
			sourceTree = "<group>";
		};
		73354427197BBC8400E5F9A9 /* Supporting Files */ = {
			isa = PBXGroup;
			children = (
				73354428197BBC8400E5F9A9 /* Info.plist */,
			);
			name = "Supporting Files";
			sourceTree = "<group>";
		};
/* End PBXGroup section */

/* Begin PBXNativeTarget section */
		73354409197BBC8400E5F9A9 /* StatisticsHealthKit */ = {
			isa = PBXNativeTarget;
			buildConfigurationList = 7335442D197BBC8400E5F9A9 /* Build configuration list for PBXNativeTarget "StatisticsHealthKit" */;
			buildPhases = (
				73354406197BBC8400E5F9A9 /* Sources */,
				73354407197BBC8400E5F9A9 /* Frameworks */,
				73354408197BBC8400E5F9A9 /* Resources */,
			);
			buildRules = (
			);
			dependencies = (
			);
			name = StatisticsHealthKit;
			productName = StatisticsHealthKit;
			productReference = 7335440A197BBC8400E5F9A9 /* StatisticsHealthKit.app */;
			productType = "com.apple.product-type.application";
		};
		73354422197BBC8400E5F9A9 /* StatisticsHealthKitTests */ = {
			isa = PBXNativeTarget;
			buildConfigurationList = 73354430197BBC8400E5F9A9 /* Build configuration list for PBXNativeTarget "StatisticsHealthKitTests" */;
			buildPhases = (
				7335441F197BBC8400E5F9A9 /* Sources */,
				73354420197BBC8400E5F9A9 /* Frameworks */,
				73354421197BBC8400E5F9A9 /* Resources */,
			);
			buildRules = (
			);
			dependencies = (
				73354425197BBC8400E5F9A9 /* PBXTargetDependency */,
			);
			name = StatisticsHealthKitTests;
			productName = StatisticsHealthKitTests;
			productReference = 73354423197BBC8400E5F9A9 /* StatisticsHealthKitTests.xctest */;
			productType = "com.apple.product-type.bundle.unit-test";
		};
/* End PBXNativeTarget section */

/* Begin PBXProject section */
		73354402197BBC8400E5F9A9 /* Project object */ = {
			isa = PBXProject;
			attributes = {
				LastUpgradeCheck = 0600;
				ORGANIZATIONNAME = azu;
				TargetAttributes = {
					73354409197BBC8400E5F9A9 = {
						CreatedOnToolsVersion = 6.0;
					};
					73354422197BBC8400E5F9A9 = {
						CreatedOnToolsVersion = 6.0;
						TestTargetID = 73354409197BBC8400E5F9A9;
					};
				};
			};
			buildConfigurationList = 73354405197BBC8400E5F9A9 /* Build configuration list for PBXProject "StatisticsHealthKit" */;
			compatibilityVersion = "Xcode 3.2";
			developmentRegion = English;
			hasScannedForEncodings = 0;
			knownRegions = (
				en,
				Base,
			);
			mainGroup = 73354401197BBC8400E5F9A9;
			productRefGroup = 7335440B197BBC8400E5F9A9 /* Products */;
			projectDirPath = "";
			projectRoot = "";
			targets = (
				73354409197BBC8400E5F9A9 /* StatisticsHealthKit */,
				73354422197BBC8400E5F9A9 /* StatisticsHealthKitTests */,
			);
		};
/* End PBXProject section */

/* Begin PBXResourcesBuildPhase section */
		73354408197BBC8400E5F9A9 /* Resources */ = {
			isa = PBXResourcesBuildPhase;
			buildActionMask = 2147483647;
			files = (
				7335441C197BBC8400E5F9A9 /* Main.storyboard in Resources */,
				7335441E197BBC8400E5F9A9 /* Images.xcassets in Resources */,
			);
			runOnlyForDeploymentPostprocessing = 0;
		};
		73354421197BBC8400E5F9A9 /* Resources */ = {
			isa = PBXResourcesBuildPhase;
			buildActionMask = 2147483647;
			files = (
			);
			runOnlyForDeploymentPostprocessing = 0;
		};
/* End PBXResourcesBuildPhase section */

/* Begin PBXSourcesBuildPhase section */
		73354406197BBC8400E5F9A9 /* Sources */ = {
			isa = PBXSourcesBuildPhase;
			buildActionMask = 2147483647;
			files = (
				73354413197BBC8400E5F9A9 /* AppDelegate.m in Sources */,
				73354416197BBC8400E5F9A9 /* MasterViewController.m in Sources */,
				73354410197BBC8400E5F9A9 /* main.m in Sources */,
				73354419197BBC8400E5F9A9 /* DetailViewController.m in Sources */,
			);
			runOnlyForDeploymentPostprocessing = 0;
		};
		7335441F197BBC8400E5F9A9 /* Sources */ = {
			isa = PBXSourcesBuildPhase;
			buildActionMask = 2147483647;
			files = (
				7335442A197BBC8400E5F9A9 /* StatisticsHealthKitTests.m in Sources */,
			);
			runOnlyForDeploymentPostprocessing = 0;
		};
/* End PBXSourcesBuildPhase section */

/* Begin PBXTargetDependency section */
		73354425197BBC8400E5F9A9 /* PBXTargetDependency */ = {
			isa = PBXTargetDependency;
			target = 73354409197BBC8400E5F9A9 /* StatisticsHealthKit */;
			targetProxy = 73354424197BBC8400E5F9A9 /* PBXContainerItemProxy */;
		};
/* End PBXTargetDependency section */

/* Begin PBXVariantGroup section */
		7335441A197BBC8400E5F9A9 /* Main.storyboard */ = {
			isa = PBXVariantGroup;
			children = (
				7335441B197BBC8400E5F9A9 /* Base */,
			);
			name = Main.storyboard;
			sourceTree = "<group>";
		};
/* End PBXVariantGroup section */

/* Begin XCBuildConfiguration section */
		7335442B197BBC8400E5F9A9 /* Debug */ = {
			isa = XCBuildConfiguration;
			buildSettings = {
				ALWAYS_SEARCH_USER_PATHS = NO;
				CLANG_CXX_LANGUAGE_STANDARD = "gnu++0x";
				CLANG_CXX_LIBRARY = "libc++";
				CLANG_ENABLE_MODULES = YES;
				CLANG_ENABLE_OBJC_ARC = YES;
				CLANG_WARN_BOOL_CONVERSION = YES;
				CLANG_WARN_CONSTANT_CONVERSION = YES;
				CLANG_WARN_DIRECT_OBJC_ISA_USAGE = YES_ERROR;
				CLANG_WARN_EMPTY_BODY = YES;
				CLANG_WARN_ENUM_CONVERSION = YES;
				CLANG_WARN_INT_CONVERSION = YES;
				CLANG_WARN_OBJC_ROOT_CLASS = YES_ERROR;
				CLANG_WARN_UNREACHABLE_CODE = YES;
				CLANG_WARN__DUPLICATE_METHOD_MATCH = YES;
				"CODE_SIGN_IDENTITY[sdk=iphoneos*]" = "iPhone Developer";
				COPY_PHASE_STRIP = NO;
				ENABLE_STRICT_OBJC_MSGSEND = YES;
				GCC_C_LANGUAGE_STANDARD = gnu99;
				GCC_DYNAMIC_NO_PIC = NO;
				GCC_OPTIMIZATION_LEVEL = 0;
				GCC_PREPROCESSOR_DEFINITIONS = (
					"DEBUG=1",
					"$(inherited)",
				);
				GCC_SYMBOLS_PRIVATE_EXTERN = NO;
				GCC_WARN_64_TO_32_BIT_CONVERSION = YES;
				GCC_WARN_ABOUT_RETURN_TYPE = YES_ERROR;
				GCC_WARN_UNDECLARED_SELECTOR = YES;
				GCC_WARN_UNINITIALIZED_AUTOS = YES_AGGRESSIVE;
				GCC_WARN_UNUSED_FUNCTION = YES;
				GCC_WARN_UNUSED_VARIABLE = YES;
				IPHONEOS_DEPLOYMENT_TARGET = 8.0;
				MTL_ENABLE_DEBUG_INFO = YES;
				ONLY_ACTIVE_ARCH = YES;
				SDKROOT = iphoneos;
			};
			name = Debug;
		};
		7335442C197BBC8400E5F9A9 /* Release */ = {
			isa = XCBuildConfiguration;
			buildSettings = {
				ALWAYS_SEARCH_USER_PATHS = NO;
				CLANG_CXX_LANGUAGE_STANDARD = "gnu++0x";
				CLANG_CXX_LIBRARY = "libc++";
				CLANG_ENABLE_MODULES = YES;
				CLANG_ENABLE_OBJC_ARC = YES;
				CLANG_WARN_BOOL_CONVERSION = YES;
				CLANG_WARN_CONSTANT_CONVERSION = YES;
				CLANG_WARN_DIRECT_OBJC_ISA_USAGE = YES_ERROR;
				CLANG_WARN_EMPTY_BODY = YES;
				CLANG_WARN_ENUM_CONVERSION = YES;
				CLANG_WARN_INT_CONVERSION = YES;
				CLANG_WARN_OBJC_ROOT_CLASS = YES_ERROR;
				CLANG_WARN_UNREACHABLE_CODE = YES;
				CLANG_WARN__DUPLICATE_METHOD_MATCH = YES;
				"CODE_SIGN_IDENTITY[sdk=iphoneos*]" = "iPhone Developer";
				COPY_PHASE_STRIP = YES;
				ENABLE_NS_ASSERTIONS = NO;
				ENABLE_STRICT_OBJC_MSGSEND = YES;
				GCC_C_LANGUAGE_STANDARD = gnu99;
				GCC_WARN_64_TO_32_BIT_CONVERSION = YES;
				GCC_WARN_ABOUT_RETURN_TYPE = YES_ERROR;
				GCC_WARN_UNDECLARED_SELECTOR = YES;
				GCC_WARN_UNINITIALIZED_AUTOS = YES_AGGRESSIVE;
				GCC_WARN_UNUSED_FUNCTION = YES;
				GCC_WARN_UNUSED_VARIABLE = YES;
				IPHONEOS_DEPLOYMENT_TARGET = 8.0;
				MTL_ENABLE_DEBUG_INFO = NO;
				SDKROOT = iphoneos;
				VALIDATE_PRODUCT = YES;
			};
			name = Release;
		};
		7335442E197BBC8400E5F9A9 /* Debug */ = {
			isa = XCBuildConfiguration;
			buildSettings = {
				ASSETCATALOG_COMPILER_APPICON_NAME = AppIcon;
				ASSETCATALOG_COMPILER_LAUNCHIMAGE_NAME = LaunchImage;
				INFOPLIST_FILE = StatisticsHealthKit/Info.plist;
				LD_RUNPATH_SEARCH_PATHS = "$(inherited) @executable_path/Frameworks";
				PRODUCT_NAME = "$(TARGET_NAME)";
			};
			name = Debug;
		};
		7335442F197BBC8400E5F9A9 /* Release */ = {
			isa = XCBuildConfiguration;
			buildSettings = {
				ASSETCATALOG_COMPILER_APPICON_NAME = AppIcon;
				ASSETCATALOG_COMPILER_LAUNCHIMAGE_NAME = LaunchImage;
				INFOPLIST_FILE = StatisticsHealthKit/Info.plist;
				LD_RUNPATH_SEARCH_PATHS = "$(inherited) @executable_path/Frameworks";
				PRODUCT_NAME = "$(TARGET_NAME)";
			};
			name = Release;
		};
		73354431197BBC8400E5F9A9 /* Debug */ = {
			isa = XCBuildConfiguration;
			buildSettings = {
				BUNDLE_LOADER = "$(BUILT_PRODUCTS_DIR)/StatisticsHealthKit.app/StatisticsHealthKit";
				FRAMEWORK_SEARCH_PATHS = (
					"$(SDKROOT)/Developer/Library/Frameworks",
					"$(inherited)",
				);
				GCC_PREPROCESSOR_DEFINITIONS = (
					"DEBUG=1",
					"$(inherited)",
				);
				INFOPLIST_FILE = StatisticsHealthKitTests/Info.plist;
				LD_RUNPATH_SEARCH_PATHS = "$(inherited) @executable_path/Frameworks @loader_path/Frameworks";
				PRODUCT_NAME = "$(TARGET_NAME)";
				TEST_HOST = "$(BUNDLE_LOADER)";
			};
			name = Debug;
		};
		73354432197BBC8400E5F9A9 /* Release */ = {
			isa = XCBuildConfiguration;
			buildSettings = {
				BUNDLE_LOADER = "$(BUILT_PRODUCTS_DIR)/StatisticsHealthKit.app/StatisticsHealthKit";
				FRAMEWORK_SEARCH_PATHS = (
					"$(SDKROOT)/Developer/Library/Frameworks",
					"$(inherited)",
				);
				INFOPLIST_FILE = StatisticsHealthKitTests/Info.plist;
				LD_RUNPATH_SEARCH_PATHS = "$(inherited) @executable_path/Frameworks @loader_path/Frameworks";
				PRODUCT_NAME = "$(TARGET_NAME)";
				TEST_HOST = "$(BUNDLE_LOADER)";
			};
			name = Release;
		};
/* End XCBuildConfiguration section */

/* Begin XCConfigurationList section */
		73354405197BBC8400E5F9A9 /* Build configuration list for PBXProject "StatisticsHealthKit" */ = {
			isa = XCConfigurationList;
			buildConfigurations = (
				7335442B197BBC8400E5F9A9 /* Debug */,
				7335442C197BBC8400E5F9A9 /* Release */,
			);
			defaultConfigurationIsVisible = 0;
			defaultConfigurationName = Release;
		};
		7335442D197BBC8400E5F9A9 /* Build configuration list for PBXNativeTarget "StatisticsHealthKit" */ = {
			isa = XCConfigurationList;
			buildConfigurations = (
				7335442E197BBC8400E5F9A9 /* Debug */,
				7335442F197BBC8400E5F9A9 /* Release */,
			);
			defaultConfigurationIsVisible = 0;
		};
		73354430197BBC8400E5F9A9 /* Build configuration list for PBXNativeTarget "StatisticsHealthKitTests" */ = {
			isa = XCConfigurationList;
			buildConfigurations = (
				73354431197BBC8400E5F9A9 /* Debug */,
				73354432197BBC8400E5F9A9 /* Release */,
			);
			defaultConfigurationIsVisible = 0;
		};
/* End XCConfigurationList section */
	};
	rootObject = 73354402197BBC8400E5F9A9 /* Project object */;
}
